PODS:
  - fhoto_editor (0.0.1):
    - FlutterMacOS
  - FlutterMacOS (1.0.0)

DEPENDENCIES:
  - fhoto_editor (from `Flutter/ephemeral/.symlinks/plugins/fhoto_editor/macos`)
  - FlutterMacOS (from `Flutter/ephemeral`)

EXTERNAL SOURCES:
  fhoto_editor:
    :path: Flutter/ephemeral/.symlinks/plugins/fhoto_editor/macos
  FlutterMacOS:
    :path: Flutter/ephemeral

SPEC CHECKSUMS:
  fhoto_editor: 6bf3821dd4806bc0ca4528e7265e4e158bf7afcc
  FlutterMacOS: 8f6f14fa908a6fb3fba0cd85dbd81ec4b251fb24

PODFILE CHECKSUM: 236401fc2c932af29a9fcf0e97baeeb2d750d367

COCOAPODS: 1.11.3
